
Microsoft Visual Studio Solution File, Format Version 12.00
# Visual Studio Version 17
VisualStudioVersion = 17.0.31710.8
MinimumVisualStudioVersion = 10.0.40219.1
Project("{9A19103F-16F7-4668-BE54-9A1E7A4F7556}") = "EasyCompressor", "src\EasyCompressor\EasyCompressor.csproj", "{54045AC6-11FC-4057-AA88-05192F83FCC8}"
EndProject
Project("{9A19103F-16F7-4668-BE54-9A1E7A4F7556}") = "EasyCompressor.Tests", "test\EasyCompressor.Tests\EasyCompressor.Tests.csproj", "{4F2F72AB-B2B4-4BBD-9ED6-0D0D2A893237}"
EndProject
Project("{2150E333-8FDC-42A3-9474-1A3956D46DE8}") = "test", "test", "{FD294266-05F3-4FA6-8625-35597145DC15}"
EndProject
Project("{2150E333-8FDC-42A3-9474-1A3956D46DE8}") = "src", "src", "{B64A2D28-C0FD-4800-908E-2792E4A3700E}"
	ProjectSection(SolutionItems) = preProject
		src\Directory.Build.props = src\Directory.Build.props
	EndProjectSection
EndProject
Project("{9A19103F-16F7-4668-BE54-9A1E7A4F7556}") = "EasyCompressor.LZ4", "src\EasyCompressor.LZ4\EasyCompressor.LZ4.csproj", "{B0FB3425-18B7-4E3A-87D7-C964646136FF}"
EndProject
Project("{9A19103F-16F7-4668-BE54-9A1E7A4F7556}") = "EasyCompressor.LZMA", "src\EasyCompressor.LZMA\EasyCompressor.LZMA.csproj", "{1D51CE69-B69C-4122-8AF6-47E162064FCC}"
EndProject
Project("{9A19103F-16F7-4668-BE54-9A1E7A4F7556}") = "EasyCompressor.Snappy", "src\EasyCompressor.Snappy\EasyCompressor.Snappy.csproj", "{A4545503-74FE-485A-BCC5-544E0B03969A}"
EndProject
Project("{9A19103F-16F7-4668-BE54-9A1E7A4F7556}") = "EasyCompressor.Zstd", "src\EasyCompressor.Zstd\EasyCompressor.Zstd.csproj", "{C44FB3C0-6AC5-4E52-BACE-6369E3C10C88}"
EndProject
Project("{9A19103F-16F7-4668-BE54-9A1E7A4F7556}") = "EasyCompressor.Benchmark", "test\EasyCompressor.Benchmark\EasyCompressor.Benchmark.csproj", "{CAEA7388-DABE-45D1-B764-0E528575FEC0}"
EndProject
Project("{9A19103F-16F7-4668-BE54-9A1E7A4F7556}") = "EasyCaching.Extensions.EasyCompressor", "src\EasyCaching.Extensions.EasyCompressor\EasyCaching.Extensions.EasyCompressor.csproj", "{7567F616-62BE-45CE-9D10-97FF29337808}"
EndProject
Project("{2150E333-8FDC-42A3-9474-1A3956D46DE8}") = "extensions", "extensions", "{67227E01-0834-4421-A018-A32EB477108C}"
EndProject
Project("{2150E333-8FDC-42A3-9474-1A3956D46DE8}") = "Solution Items", "Solution Items", "{88247999-7E31-40BC-AC9A-8BB7A6D59150}"
	ProjectSection(SolutionItems) = preProject
		src\Directory.Build.props = src\Directory.Build.props
	EndProjectSection
EndProject
Project("{9A19103F-16F7-4668-BE54-9A1E7A4F7556}") = "EasyCompressor.ZstdSharp", "src\EasyCompressor.ZstdSharp\EasyCompressor.ZstdSharp.csproj", "{13ECA9E3-983A-438D-B1F8-5064C32868AB}"
EndProject
Project("{9A19103F-16F7-4668-BE54-9A1E7A4F7556}") = "EasyCompressor.Snappier", "src\EasyCompressor.Snappier\EasyCompressor.Snappier.csproj", "{B163C056-B187-4F56-B215-CC46BE4E575B}"
EndProject
Project("{9A19103F-16F7-4668-BE54-9A1E7A4F7556}") = "EasyCompressor.BrotliNET", "src\EasyCompressor.BrotliNET\EasyCompressor.BrotliNET.csproj", "{7F8D461D-E0C3-4F17-8F25-6C9206F92EE1}"
EndProject
Global
	GlobalSection(SolutionConfigurationPlatforms) = preSolution
		Debug|Any CPU = Debug|Any CPU
		Release|Any CPU = Release|Any CPU
	EndGlobalSection
	GlobalSection(ProjectConfigurationPlatforms) = postSolution
		{54045AC6-11FC-4057-AA88-05192F83FCC8}.Debug|Any CPU.ActiveCfg = Debug|Any CPU
		{54045AC6-11FC-4057-AA88-05192F83FCC8}.Debug|Any CPU.Build.0 = Debug|Any CPU
		{54045AC6-11FC-4057-AA88-05192F83FCC8}.Release|Any CPU.ActiveCfg = Release|Any CPU
		{54045AC6-11FC-4057-AA88-05192F83FCC8}.Release|Any CPU.Build.0 = Release|Any CPU
		{4F2F72AB-B2B4-4BBD-9ED6-0D0D2A893237}.Debug|Any CPU.ActiveCfg = Debug|Any CPU
		{4F2F72AB-B2B4-4BBD-9ED6-0D0D2A893237}.Debug|Any CPU.Build.0 = Debug|Any CPU
		{4F2F72AB-B2B4-4BBD-9ED6-0D0D2A893237}.Release|Any CPU.ActiveCfg = Release|Any CPU
		{4F2F72AB-B2B4-4BBD-9ED6-0D0D2A893237}.Release|Any CPU.Build.0 = Release|Any CPU
		{B0FB3425-18B7-4E3A-87D7-C964646136FF}.Debug|Any CPU.ActiveCfg = Debug|Any CPU
		{B0FB3425-18B7-4E3A-87D7-C964646136FF}.Debug|Any CPU.Build.0 = Debug|Any CPU
		{B0FB3425-18B7-4E3A-87D7-C964646136FF}.Release|Any CPU.ActiveCfg = Release|Any CPU
		{B0FB3425-18B7-4E3A-87D7-C964646136FF}.Release|Any CPU.Build.0 = Release|Any CPU
		{1D51CE69-B69C-4122-8AF6-47E162064FCC}.Debug|Any CPU.ActiveCfg = Debug|Any CPU
		{1D51CE69-B69C-4122-8AF6-47E162064FCC}.Debug|Any CPU.Build.0 = Debug|Any CPU
		{1D51CE69-B69C-4122-8AF6-47E162064FCC}.Release|Any CPU.ActiveCfg = Release|Any CPU
		{1D51CE69-B69C-4122-8AF6-47E162064FCC}.Release|Any CPU.Build.0 = Release|Any CPU
		{A4545503-74FE-485A-BCC5-544E0B03969A}.Debug|Any CPU.ActiveCfg = Debug|Any CPU
		{A4545503-74FE-485A-BCC5-544E0B03969A}.Debug|Any CPU.Build.0 = Debug|Any CPU
		{A4545503-74FE-485A-BCC5-544E0B03969A}.Release|Any CPU.ActiveCfg = Release|Any CPU
		{A4545503-74FE-485A-BCC5-544E0B03969A}.Release|Any CPU.Build.0 = Release|Any CPU
		{C44FB3C0-6AC5-4E52-BACE-6369E3C10C88}.Debug|Any CPU.ActiveCfg = Debug|Any CPU
		{C44FB3C0-6AC5-4E52-BACE-6369E3C10C88}.Debug|Any CPU.Build.0 = Debug|Any CPU
		{C44FB3C0-6AC5-4E52-BACE-6369E3C10C88}.Release|Any CPU.ActiveCfg = Release|Any CPU
		{C44FB3C0-6AC5-4E52-BACE-6369E3C10C88}.Release|Any CPU.Build.0 = Release|Any CPU
		{CAEA7388-DABE-45D1-B764-0E528575FEC0}.Debug|Any CPU.ActiveCfg = Debug|Any CPU
		{CAEA7388-DABE-45D1-B764-0E528575FEC0}.Debug|Any CPU.Build.0 = Debug|Any CPU
		{CAEA7388-DABE-45D1-B764-0E528575FEC0}.Release|Any CPU.ActiveCfg = Release|Any CPU
		{CAEA7388-DABE-45D1-B764-0E528575FEC0}.Release|Any CPU.Build.0 = Release|Any CPU
		{7567F616-62BE-45CE-9D10-97FF29337808}.Debug|Any CPU.ActiveCfg = Debug|Any CPU
		{7567F616-62BE-45CE-9D10-97FF29337808}.Debug|Any CPU.Build.0 = Debug|Any CPU
		{7567F616-62BE-45CE-9D10-97FF29337808}.Release|Any CPU.ActiveCfg = Release|Any CPU
		{7567F616-62BE-45CE-9D10-97FF29337808}.Release|Any CPU.Build.0 = Release|Any CPU
		{13ECA9E3-983A-438D-B1F8-5064C32868AB}.Debug|Any CPU.ActiveCfg = Debug|Any CPU
		{13ECA9E3-983A-438D-B1F8-5064C32868AB}.Debug|Any CPU.Build.0 = Debug|Any CPU
		{13ECA9E3-983A-438D-B1F8-5064C32868AB}.Release|Any CPU.ActiveCfg = Release|Any CPU
		{13ECA9E3-983A-438D-B1F8-5064C32868AB}.Release|Any CPU.Build.0 = Release|Any CPU
		{B163C056-B187-4F56-B215-CC46BE4E575B}.Debug|Any CPU.ActiveCfg = Debug|Any CPU
		{B163C056-B187-4F56-B215-CC46BE4E575B}.Debug|Any CPU.Build.0 = Debug|Any CPU
		{B163C056-B187-4F56-B215-CC46BE4E575B}.Release|Any CPU.ActiveCfg = Release|Any CPU
		{B163C056-B187-4F56-B215-CC46BE4E575B}.Release|Any CPU.Build.0 = Release|Any CPU
		{7F8D461D-E0C3-4F17-8F25-6C9206F92EE1}.Debug|Any CPU.ActiveCfg = Debug|Any CPU
		{7F8D461D-E0C3-4F17-8F25-6C9206F92EE1}.Debug|Any CPU.Build.0 = Debug|Any CPU
		{7F8D461D-E0C3-4F17-8F25-6C9206F92EE1}.Release|Any CPU.ActiveCfg = Release|Any CPU
		{7F8D461D-E0C3-4F17-8F25-6C9206F92EE1}.Release|Any CPU.Build.0 = Release|Any CPU
	EndGlobalSection
	GlobalSection(SolutionProperties) = preSolution
		HideSolutionNode = FALSE
	EndGlobalSection
	GlobalSection(NestedProjects) = preSolution
		{54045AC6-11FC-4057-AA88-05192F83FCC8} = {B64A2D28-C0FD-4800-908E-2792E4A3700E}
		{4F2F72AB-B2B4-4BBD-9ED6-0D0D2A893237} = {FD294266-05F3-4FA6-8625-35597145DC15}
		{B0FB3425-18B7-4E3A-87D7-C964646136FF} = {B64A2D28-C0FD-4800-908E-2792E4A3700E}
		{1D51CE69-B69C-4122-8AF6-47E162064FCC} = {B64A2D28-C0FD-4800-908E-2792E4A3700E}
		{A4545503-74FE-485A-BCC5-544E0B03969A} = {B64A2D28-C0FD-4800-908E-2792E4A3700E}
		{C44FB3C0-6AC5-4E52-BACE-6369E3C10C88} = {B64A2D28-C0FD-4800-908E-2792E4A3700E}
		{CAEA7388-DABE-45D1-B764-0E528575FEC0} = {FD294266-05F3-4FA6-8625-35597145DC15}
		{7567F616-62BE-45CE-9D10-97FF29337808} = {67227E01-0834-4421-A018-A32EB477108C}
		{67227E01-0834-4421-A018-A32EB477108C} = {B64A2D28-C0FD-4800-908E-2792E4A3700E}
		{13ECA9E3-983A-438D-B1F8-5064C32868AB} = {B64A2D28-C0FD-4800-908E-2792E4A3700E}
		{B163C056-B187-4F56-B215-CC46BE4E575B} = {B64A2D28-C0FD-4800-908E-2792E4A3700E}
		{7F8D461D-E0C3-4F17-8F25-6C9206F92EE1} = {B64A2D28-C0FD-4800-908E-2792E4A3700E}
	EndGlobalSection
	GlobalSection(ExtensibilityGlobals) = postSolution
		SolutionGuid = {4D2F9FD4-DF11-43CE-8656-91081562FACD}
	EndGlobalSection
EndGlobal
